
Microsoft Visual Studio Solution File, Format Version 12.00
# Visual Studio Version 16
VisualStudioVersion = 16.0.30711.63
MinimumVisualStudioVersion = 10.0.40219.1
Project("{2150E333-8FDC-42A3-9474-1A3956D46DE8}") = "Services", "Services", "{78D3C13F-884B-4976-B87C-7F53E5226F36}"
EndProject
Project("{2150E333-8FDC-42A3-9474-1A3956D46DE8}") = "Users", "Users", "{35FC529B-C1F0-4DD7-B7F9-A14B856C5928}"
EndProject
Project("{9A19103F-16F7-4668-BE54-9A1E7A4F7556}") = "Users.API", "src\Services\Users\Users.API\Users.API.csproj", "{3D11353F-1AE5-4A1D-8237-9CEDAED27387}"
EndProject
Project("{9A19103F-16F7-4668-BE54-9A1E7A4F7556}") = "Users.Domain", "src\Services\Users\Users.Domain\Users.Domain.csproj", "{4480B1AD-E66A-4C77-A68C-BFAF2B9AB501}"
EndProject
Project("{9A19103F-16F7-4668-BE54-9A1E7A4F7556}") = "Users.Application", "src\Services\Users\Users.Application\Users.Application.csproj", "{634E222A-E008-43F0-9F51-8582650C3EA7}"
EndProject
Project("{E53339B2-1760-4266-BCC7-CA923CBCF16C}") = "docker-compose", "docker-compose.dcproj", "{3477A2A2-C427-4AA7-89B7-3A371C52AFDA}"
EndProject
Project("{2150E333-8FDC-42A3-9474-1A3956D46DE8}") = "Chat", "Chat", "{8184D2F0-1FFB-49D9-B4C9-3A82C65B50FA}"
EndProject
Project("{9A19103F-16F7-4668-BE54-9A1E7A4F7556}") = "Chat.API", "src\Services\Chat\Chat.API\Chat.API.csproj", "{037EB620-2FAD-4C06-A58E-5496738CD031}"
EndProject
Project("{9A19103F-16F7-4668-BE54-9A1E7A4F7556}") = "Chat.Application", "src\Services\Chat\Chat.Application\Chat.Application.csproj", "{9CB4C61B-AB50-42C2-8F0D-EA6FAEC89F7D}"
EndProject
Project("{9A19103F-16F7-4668-BE54-9A1E7A4F7556}") = "Chat.Domain", "src\Services\Chat\Chat.Domain\Chat.Domain.csproj", "{4915D370-65D6-4123-8316-06CEEB8EDBD2}"
EndProject
Project("{9A19103F-16F7-4668-BE54-9A1E7A4F7556}") = "Chat.Infrastructure", "src\Services\Chat\Chat.Infrastructure\Chat.Infrastructure.csproj", "{E76C0D69-1684-4D72-B72E-597B3B9B69CC}"
EndProject
Project("{9A19103F-16F7-4668-BE54-9A1E7A4F7556}") = "Users.Infrastructure", "src\Services\Users\Users.Infrastructure\Users.Infrastructure.csproj", "{4CA0CC57-8BDC-4A71-BE71-83880369FEF6}"
EndProject
Project("{2150E333-8FDC-42A3-9474-1A3956D46DE8}") = "VideoCommunication", "VideoCommunication", "{88B1219E-87A9-4410-9B6A-F924299FE07B}"
EndProject
Project("{9A19103F-16F7-4668-BE54-9A1E7A4F7556}") = "VideoCommunication.API", "src\Services\VideoCommunication\VideoCommunication.API\VideoCommunication.API.csproj", "{6379213E-E00E-4B51-B6CC-54D15AA372D0}"
EndProject
Project("{2150E333-8FDC-42A3-9474-1A3956D46DE8}") = "BuildingBlocks", "BuildingBlocks", "{398A64BE-2A9C-4510-A2A1-4DA1806ECB28}"
EndProject
Project("{9A19103F-16F7-4668-BE54-9A1E7A4F7556}") = "EventBus.Messages", "src\Services\BuildingBlocks\EventBus.Messages\EventBus.Messages.csproj", "{F36014AF-18CE-4072-BC21-3D633915B371}"
EndProject
Project("{2150E333-8FDC-42A3-9474-1A3956D46DE8}") = "Authentication", "Authentication", "{3F60AB7F-AC0C-4761-8A0E-2EBBBC1095D6}"
EndProject
Project("{FAE04EC0-301F-11D3-BF4B-00C04F79EFBC}") = "Authentication.API", "..\Services\Authentication\Authentication.API\Authentication.API.csproj", "{331A3016-EDCA-49E8-BFA2-3268E2B0C57D}"
EndProject
Global
	GlobalSection(SolutionConfigurationPlatforms) = preSolution
		Debug|Any CPU = Debug|Any CPU
		Release|Any CPU = Release|Any CPU
	EndGlobalSection
	GlobalSection(ProjectConfigurationPlatforms) = postSolution
		{3D11353F-1AE5-4A1D-8237-9CEDAED27387}.Debug|Any CPU.ActiveCfg = Debug|Any CPU
		{3D11353F-1AE5-4A1D-8237-9CEDAED27387}.Debug|Any CPU.Build.0 = Debug|Any CPU
		{3D11353F-1AE5-4A1D-8237-9CEDAED27387}.Release|Any CPU.ActiveCfg = Release|Any CPU
		{3D11353F-1AE5-4A1D-8237-9CEDAED27387}.Release|Any CPU.Build.0 = Release|Any CPU
		{4480B1AD-E66A-4C77-A68C-BFAF2B9AB501}.Debug|Any CPU.ActiveCfg = Debug|Any CPU
		{4480B1AD-E66A-4C77-A68C-BFAF2B9AB501}.Debug|Any CPU.Build.0 = Debug|Any CPU
		{4480B1AD-E66A-4C77-A68C-BFAF2B9AB501}.Release|Any CPU.ActiveCfg = Release|Any CPU
		{4480B1AD-E66A-4C77-A68C-BFAF2B9AB501}.Release|Any CPU.Build.0 = Release|Any CPU
		{634E222A-E008-43F0-9F51-8582650C3EA7}.Debug|Any CPU.ActiveCfg = Debug|Any CPU
		{634E222A-E008-43F0-9F51-8582650C3EA7}.Debug|Any CPU.Build.0 = Debug|Any CPU
		{634E222A-E008-43F0-9F51-8582650C3EA7}.Release|Any CPU.ActiveCfg = Release|Any CPU
		{634E222A-E008-43F0-9F51-8582650C3EA7}.Release|Any CPU.Build.0 = Release|Any CPU
		{3477A2A2-C427-4AA7-89B7-3A371C52AFDA}.Debug|Any CPU.ActiveCfg = Debug|Any CPU
		{3477A2A2-C427-4AA7-89B7-3A371C52AFDA}.Debug|Any CPU.Build.0 = Debug|Any CPU
		{3477A2A2-C427-4AA7-89B7-3A371C52AFDA}.Release|Any CPU.ActiveCfg = Release|Any CPU
		{3477A2A2-C427-4AA7-89B7-3A371C52AFDA}.Release|Any CPU.Build.0 = Release|Any CPU
		{037EB620-2FAD-4C06-A58E-5496738CD031}.Debug|Any CPU.ActiveCfg = Debug|Any CPU
		{037EB620-2FAD-4C06-A58E-5496738CD031}.Debug|Any CPU.Build.0 = Debug|Any CPU
		{037EB620-2FAD-4C06-A58E-5496738CD031}.Release|Any CPU.ActiveCfg = Release|Any CPU
		{037EB620-2FAD-4C06-A58E-5496738CD031}.Release|Any CPU.Build.0 = Release|Any CPU
		{9CB4C61B-AB50-42C2-8F0D-EA6FAEC89F7D}.Debug|Any CPU.ActiveCfg = Debug|Any CPU
		{9CB4C61B-AB50-42C2-8F0D-EA6FAEC89F7D}.Debug|Any CPU.Build.0 = Debug|Any CPU
		{9CB4C61B-AB50-42C2-8F0D-EA6FAEC89F7D}.Release|Any CPU.ActiveCfg = Release|Any CPU
		{9CB4C61B-AB50-42C2-8F0D-EA6FAEC89F7D}.Release|Any CPU.Build.0 = Release|Any CPU
		{4915D370-65D6-4123-8316-06CEEB8EDBD2}.Debug|Any CPU.ActiveCfg = Debug|Any CPU
		{4915D370-65D6-4123-8316-06CEEB8EDBD2}.Debug|Any CPU.Build.0 = Debug|Any CPU
		{4915D370-65D6-4123-8316-06CEEB8EDBD2}.Release|Any CPU.ActiveCfg = Release|Any CPU
		{4915D370-65D6-4123-8316-06CEEB8EDBD2}.Release|Any CPU.Build.0 = Release|Any CPU
		{E76C0D69-1684-4D72-B72E-597B3B9B69CC}.Debug|Any CPU.ActiveCfg = Debug|Any CPU
		{E76C0D69-1684-4D72-B72E-597B3B9B69CC}.Debug|Any CPU.Build.0 = Debug|Any CPU
		{E76C0D69-1684-4D72-B72E-597B3B9B69CC}.Release|Any CPU.ActiveCfg = Release|Any CPU
		{E76C0D69-1684-4D72-B72E-597B3B9B69CC}.Release|Any CPU.Build.0 = Release|Any CPU
		{4CA0CC57-8BDC-4A71-BE71-83880369FEF6}.Debug|Any CPU.ActiveCfg = Debug|Any CPU
		{4CA0CC57-8BDC-4A71-BE71-83880369FEF6}.Debug|Any CPU.Build.0 = Debug|Any CPU
		{4CA0CC57-8BDC-4A71-BE71-83880369FEF6}.Release|Any CPU.ActiveCfg = Release|Any CPU
		{4CA0CC57-8BDC-4A71-BE71-83880369FEF6}.Release|Any CPU.Build.0 = Release|Any CPU
		{6379213E-E00E-4B51-B6CC-54D15AA372D0}.Debug|Any CPU.ActiveCfg = Debug|Any CPU
		{6379213E-E00E-4B51-B6CC-54D15AA372D0}.Debug|Any CPU.Build.0 = Debug|Any CPU
		{6379213E-E00E-4B51-B6CC-54D15AA372D0}.Release|Any CPU.ActiveCfg = Release|Any CPU
		{6379213E-E00E-4B51-B6CC-54D15AA372D0}.Release|Any CPU.Build.0 = Release|Any CPU
		{F36014AF-18CE-4072-BC21-3D633915B371}.Debug|Any CPU.ActiveCfg = Debug|Any CPU
		{F36014AF-18CE-4072-BC21-3D633915B371}.Debug|Any CPU.Build.0 = Debug|Any CPU
		{F36014AF-18CE-4072-BC21-3D633915B371}.Release|Any CPU.ActiveCfg = Release|Any CPU
		{F36014AF-18CE-4072-BC21-3D633915B371}.Release|Any CPU.Build.0 = Release|Any CPU
		{331A3016-EDCA-49E8-BFA2-3268E2B0C57D}.Debug|Any CPU.ActiveCfg = Debug|Any CPU
		{331A3016-EDCA-49E8-BFA2-3268E2B0C57D}.Debug|Any CPU.Build.0 = Debug|Any CPU
		{331A3016-EDCA-49E8-BFA2-3268E2B0C57D}.Release|Any CPU.ActiveCfg = Release|Any CPU
		{331A3016-EDCA-49E8-BFA2-3268E2B0C57D}.Release|Any CPU.Build.0 = Release|Any CPU
	EndGlobalSection
	GlobalSection(SolutionProperties) = preSolution
		HideSolutionNode = FALSE
	EndGlobalSection
	GlobalSection(NestedProjects) = preSolution
		{35FC529B-C1F0-4DD7-B7F9-A14B856C5928} = {78D3C13F-884B-4976-B87C-7F53E5226F36}
		{3D11353F-1AE5-4A1D-8237-9CEDAED27387} = {35FC529B-C1F0-4DD7-B7F9-A14B856C5928}
		{4480B1AD-E66A-4C77-A68C-BFAF2B9AB501} = {35FC529B-C1F0-4DD7-B7F9-A14B856C5928}
		{634E222A-E008-43F0-9F51-8582650C3EA7} = {35FC529B-C1F0-4DD7-B7F9-A14B856C5928}
		{8184D2F0-1FFB-49D9-B4C9-3A82C65B50FA} = {78D3C13F-884B-4976-B87C-7F53E5226F36}
		{037EB620-2FAD-4C06-A58E-5496738CD031} = {8184D2F0-1FFB-49D9-B4C9-3A82C65B50FA}
		{9CB4C61B-AB50-42C2-8F0D-EA6FAEC89F7D} = {8184D2F0-1FFB-49D9-B4C9-3A82C65B50FA}
		{4915D370-65D6-4123-8316-06CEEB8EDBD2} = {8184D2F0-1FFB-49D9-B4C9-3A82C65B50FA}
		{E76C0D69-1684-4D72-B72E-597B3B9B69CC} = {8184D2F0-1FFB-49D9-B4C9-3A82C65B50FA}
		{4CA0CC57-8BDC-4A71-BE71-83880369FEF6} = {35FC529B-C1F0-4DD7-B7F9-A14B856C5928}
		{88B1219E-87A9-4410-9B6A-F924299FE07B} = {78D3C13F-884B-4976-B87C-7F53E5226F36}
		{6379213E-E00E-4B51-B6CC-54D15AA372D0} = {88B1219E-87A9-4410-9B6A-F924299FE07B}
		{398A64BE-2A9C-4510-A2A1-4DA1806ECB28} = {78D3C13F-884B-4976-B87C-7F53E5226F36}
		{F36014AF-18CE-4072-BC21-3D633915B371} = {398A64BE-2A9C-4510-A2A1-4DA1806ECB28}
		{3F60AB7F-AC0C-4761-8A0E-2EBBBC1095D6} = {78D3C13F-884B-4976-B87C-7F53E5226F36}
		{331A3016-EDCA-49E8-BFA2-3268E2B0C57D} = {3F60AB7F-AC0C-4761-8A0E-2EBBBC1095D6}
	EndGlobalSection
	GlobalSection(ExtensibilityGlobals) = postSolution
		SolutionGuid = {8B58FE25-11FD-4C8B-927B-6ED62F36E576}
	EndGlobalSection
EndGlobal
