
Microsoft Visual Studio Solution File, Format Version 12.00
# Visual Studio Version 16
VisualStudioVersion = 16.0.30711.63
MinimumVisualStudioVersion = 10.0.40219.1
Project("{2150E333-8FDC-42A3-9474-1A3956D46DE8}") = "Services", "Services", "{78D3C13F-884B-4976-B87C-7F53E5226F36}"
EndProject
Project("{2150E333-8FDC-42A3-9474-1A3956D46DE8}") = "Users", "Users", "{35FC529B-C1F0-4DD7-B7F9-A14B856C5928}"
EndProject
Project("{9A19103F-16F7-4668-BE54-9A1E7A4F7556}") = "Users.API", "src\Services\Users\Users.API\Users.API.csproj", "{3D11353F-1AE5-4A1D-8237-9CEDAED27387}"
EndProject
Project("{9A19103F-16F7-4668-BE54-9A1E7A4F7556}") = "Users.Domain", "src\Services\Users\Users.Domain\Users.Domain.csproj", "{4480B1AD-E66A-4C77-A68C-BFAF2B9AB501}"
EndProject
Project("{9A19103F-16F7-4668-BE54-9A1E7A4F7556}") = "Users.Application", "src\Services\Users\Users.Application\Users.Application.csproj", "{634E222A-E008-43F0-9F51-8582650C3EA7}"
EndProject
Project("{E53339B2-1760-4266-BCC7-CA923CBCF16C}") = "docker-compose", "docker-compose.dcproj", "{3477A2A2-C427-4AA7-89B7-3A371C52AFDA}"
EndProject
Project("{2150E333-8FDC-42A3-9474-1A3956D46DE8}") = "Chat", "Chat", "{8184D2F0-1FFB-49D9-B4C9-3A82C65B50FA}"
EndProject
Project("{9A19103F-16F7-4668-BE54-9A1E7A4F7556}") = "Chat.API", "src\Services\Chat\Chat.API\Chat.API.csproj", "{037EB620-2FAD-4C06-A58E-5496738CD031}"
EndProject
Project("{9A19103F-16F7-4668-BE54-9A1E7A4F7556}") = "Chat.Application", "src\Services\Chat\Chat.Application\Chat.Application.csproj", "{9CB4C61B-AB50-42C2-8F0D-EA6FAEC89F7D}"
EndProject
Project("{9A19103F-16F7-4668-BE54-9A1E7A4F7556}") = "Chat.Domain", "src\Services\Chat\Chat.Domain\Chat.Domain.csproj", "{4915D370-65D6-4123-8316-06CEEB8EDBD2}"
EndProject
Project("{9A19103F-16F7-4668-BE54-9A1E7A4F7556}") = "Chat.Infrastructure", "src\Services\Chat\Chat.Infrastructure\Chat.Infrastructure.csproj", "{E76C0D69-1684-4D72-B72E-597B3B9B69CC}"
EndProject
Project("{9A19103F-16F7-4668-BE54-9A1E7A4F7556}") = "Users.Infrastructure", "src\Services\Users\Users.Infrastructure\Users.Infrastructure.csproj", "{4CA0CC57-8BDC-4A71-BE71-83880369FEF6}"
EndProject
Project("{2150E333-8FDC-42A3-9474-1A3956D46DE8}") = "VideoCommunication", "VideoCommunication", "{88B1219E-87A9-4410-9B6A-F924299FE07B}"
EndProject
Project("{9A19103F-16F7-4668-BE54-9A1E7A4F7556}") = "VideoCommunication.API", "src\Services\VideoCommunication\VideoCommunication.API\VideoCommunication.API.csproj", "{6379213E-E00E-4B51-B6CC-54D15AA372D0}"
EndProject
Project("{2150E333-8FDC-42A3-9474-1A3956D46DE8}") = "BuildingBlocks", "BuildingBlocks", "{398A64BE-2A9C-4510-A2A1-4DA1806ECB28}"
EndProject
Project("{9A19103F-16F7-4668-BE54-9A1E7A4F7556}") = "EventBus.Messages", "src\Services\BuildingBlocks\EventBus.Messages\EventBus.Messages.csproj", "{F36014AF-18CE-4072-BC21-3D633915B371}"
EndProject
Project("{2150E333-8FDC-42A3-9474-1A3956D46DE8}") = "Authentication", "Authentication", "{3A889A99-7D88-4434-B96D-CFCC4F1D6B21}"
EndProject
Project("{9A19103F-16F7-4668-BE54-9A1E7A4F7556}") = "Authentication.API", "src\Services\Authentication\Authentication.API\Authentication.API.csproj", "{7348BBE1-2187-46C1-8A28-509231167AD6}"
EndProject
Project("{2150E333-8FDC-42A3-9474-1A3956D46DE8}") = "AboutUsers", "AboutUsers", "{0898FE8A-CF69-411D-8663-0FB1BBD2BE6A}"
EndProject
Project("{9A19103F-16F7-4668-BE54-9A1E7A4F7556}") = "AboutUsers.API", "src\Services\AboutUsers\AboutUser.API\AboutUsers.API\AboutUsers.API.csproj", "{160A2B70-2180-4EE3-96DF-C7B2AB17FDAA}"
EndProject
Project("{9A19103F-16F7-4668-BE54-9A1E7A4F7556}") = "AboutUsers.Domain", "src\Services\AboutUsers\AboutUsers.Domain\AboutUsers.Domain.csproj", "{AFAA2C17-BA7F-4906-9D28-F6F36C45D167}"
EndProject
Project("{9A19103F-16F7-4668-BE54-9A1E7A4F7556}") = "AboutUsers.ApplicationServices", "src\Services\AboutUsers\AboutUsers.ApplicationServices\AboutUsers.ApplicationServices.csproj", "{7F896383-402D-4A97-AF60-0332C2DF7028}"
EndProject
Project("{9A19103F-16F7-4668-BE54-9A1E7A4F7556}") = "AboutUsers.Common", "src\Services\AboutUsers\AboutUsers.Common\AboutUsers.Common.csproj", "{2BB790A2-02AB-4A1F-BD94-23E9D7E7A08B}"
EndProject
Project("{9A19103F-16F7-4668-BE54-9A1E7A4F7556}") = "AboutUsers.Infrastructure", "src\Services\AboutUsers\AboutUsers.Infrastructure\AboutUsers.Infrastructure.csproj", "{D1A20386-D6AF-4B1E-83D1-FD4F55B0DCDB}"
EndProject
Project("{9A19103F-16F7-4668-BE54-9A1E7A4F7556}") = "AboutUsers.PublishedLanguage", "src\Services\AboutUsers\AboutUsers.PublishedLanguage\AboutUsers.PublishedLanguage.csproj", "{77BE08E3-4D68-45ED-BDB1-CCA99481DC3A}"
EndProject
Project("{00D1A9C2-B5F0-4AF3-8072-F6C62B433612}") = "Database", "src\Services\AboutUsers\Database\Database.sqlproj", "{6CA035B7-C74D-4C8A-AB14-045C68C8BC96}"
EndProject
Global
	GlobalSection(SolutionConfigurationPlatforms) = preSolution
		Debug|Any CPU = Debug|Any CPU
		Release|Any CPU = Release|Any CPU
	EndGlobalSection
	GlobalSection(ProjectConfigurationPlatforms) = postSolution
		{3D11353F-1AE5-4A1D-8237-9CEDAED27387}.Debug|Any CPU.ActiveCfg = Debug|Any CPU
		{3D11353F-1AE5-4A1D-8237-9CEDAED27387}.Debug|Any CPU.Build.0 = Debug|Any CPU
		{3D11353F-1AE5-4A1D-8237-9CEDAED27387}.Release|Any CPU.ActiveCfg = Release|Any CPU
		{3D11353F-1AE5-4A1D-8237-9CEDAED27387}.Release|Any CPU.Build.0 = Release|Any CPU
		{4480B1AD-E66A-4C77-A68C-BFAF2B9AB501}.Debug|Any CPU.ActiveCfg = Debug|Any CPU
		{4480B1AD-E66A-4C77-A68C-BFAF2B9AB501}.Debug|Any CPU.Build.0 = Debug|Any CPU
		{4480B1AD-E66A-4C77-A68C-BFAF2B9AB501}.Release|Any CPU.ActiveCfg = Release|Any CPU
		{4480B1AD-E66A-4C77-A68C-BFAF2B9AB501}.Release|Any CPU.Build.0 = Release|Any CPU
		{634E222A-E008-43F0-9F51-8582650C3EA7}.Debug|Any CPU.ActiveCfg = Debug|Any CPU
		{634E222A-E008-43F0-9F51-8582650C3EA7}.Debug|Any CPU.Build.0 = Debug|Any CPU
		{634E222A-E008-43F0-9F51-8582650C3EA7}.Release|Any CPU.ActiveCfg = Release|Any CPU
		{634E222A-E008-43F0-9F51-8582650C3EA7}.Release|Any CPU.Build.0 = Release|Any CPU
		{3477A2A2-C427-4AA7-89B7-3A371C52AFDA}.Debug|Any CPU.ActiveCfg = Debug|Any CPU
		{3477A2A2-C427-4AA7-89B7-3A371C52AFDA}.Debug|Any CPU.Build.0 = Debug|Any CPU
		{3477A2A2-C427-4AA7-89B7-3A371C52AFDA}.Release|Any CPU.ActiveCfg = Release|Any CPU
		{3477A2A2-C427-4AA7-89B7-3A371C52AFDA}.Release|Any CPU.Build.0 = Release|Any CPU
		{037EB620-2FAD-4C06-A58E-5496738CD031}.Debug|Any CPU.ActiveCfg = Debug|Any CPU
		{037EB620-2FAD-4C06-A58E-5496738CD031}.Debug|Any CPU.Build.0 = Debug|Any CPU
		{037EB620-2FAD-4C06-A58E-5496738CD031}.Release|Any CPU.ActiveCfg = Release|Any CPU
		{037EB620-2FAD-4C06-A58E-5496738CD031}.Release|Any CPU.Build.0 = Release|Any CPU
		{9CB4C61B-AB50-42C2-8F0D-EA6FAEC89F7D}.Debug|Any CPU.ActiveCfg = Debug|Any CPU
		{9CB4C61B-AB50-42C2-8F0D-EA6FAEC89F7D}.Debug|Any CPU.Build.0 = Debug|Any CPU
		{9CB4C61B-AB50-42C2-8F0D-EA6FAEC89F7D}.Release|Any CPU.ActiveCfg = Release|Any CPU
		{9CB4C61B-AB50-42C2-8F0D-EA6FAEC89F7D}.Release|Any CPU.Build.0 = Release|Any CPU
		{4915D370-65D6-4123-8316-06CEEB8EDBD2}.Debug|Any CPU.ActiveCfg = Debug|Any CPU
		{4915D370-65D6-4123-8316-06CEEB8EDBD2}.Debug|Any CPU.Build.0 = Debug|Any CPU
		{4915D370-65D6-4123-8316-06CEEB8EDBD2}.Release|Any CPU.ActiveCfg = Release|Any CPU
		{4915D370-65D6-4123-8316-06CEEB8EDBD2}.Release|Any CPU.Build.0 = Release|Any CPU
		{E76C0D69-1684-4D72-B72E-597B3B9B69CC}.Debug|Any CPU.ActiveCfg = Debug|Any CPU
		{E76C0D69-1684-4D72-B72E-597B3B9B69CC}.Debug|Any CPU.Build.0 = Debug|Any CPU
		{E76C0D69-1684-4D72-B72E-597B3B9B69CC}.Release|Any CPU.ActiveCfg = Release|Any CPU
		{E76C0D69-1684-4D72-B72E-597B3B9B69CC}.Release|Any CPU.Build.0 = Release|Any CPU
		{4CA0CC57-8BDC-4A71-BE71-83880369FEF6}.Debug|Any CPU.ActiveCfg = Debug|Any CPU
		{4CA0CC57-8BDC-4A71-BE71-83880369FEF6}.Debug|Any CPU.Build.0 = Debug|Any CPU
		{4CA0CC57-8BDC-4A71-BE71-83880369FEF6}.Release|Any CPU.ActiveCfg = Release|Any CPU
		{4CA0CC57-8BDC-4A71-BE71-83880369FEF6}.Release|Any CPU.Build.0 = Release|Any CPU
		{6379213E-E00E-4B51-B6CC-54D15AA372D0}.Debug|Any CPU.ActiveCfg = Debug|Any CPU
		{6379213E-E00E-4B51-B6CC-54D15AA372D0}.Debug|Any CPU.Build.0 = Debug|Any CPU
		{6379213E-E00E-4B51-B6CC-54D15AA372D0}.Release|Any CPU.ActiveCfg = Release|Any CPU
		{6379213E-E00E-4B51-B6CC-54D15AA372D0}.Release|Any CPU.Build.0 = Release|Any CPU
		{F36014AF-18CE-4072-BC21-3D633915B371}.Debug|Any CPU.ActiveCfg = Debug|Any CPU
		{F36014AF-18CE-4072-BC21-3D633915B371}.Debug|Any CPU.Build.0 = Debug|Any CPU
		{F36014AF-18CE-4072-BC21-3D633915B371}.Release|Any CPU.ActiveCfg = Release|Any CPU
		{F36014AF-18CE-4072-BC21-3D633915B371}.Release|Any CPU.Build.0 = Release|Any CPU
		{7348BBE1-2187-46C1-8A28-509231167AD6}.Debug|Any CPU.ActiveCfg = Debug|Any CPU
		{7348BBE1-2187-46C1-8A28-509231167AD6}.Debug|Any CPU.Build.0 = Debug|Any CPU
		{7348BBE1-2187-46C1-8A28-509231167AD6}.Release|Any CPU.ActiveCfg = Release|Any CPU
		{7348BBE1-2187-46C1-8A28-509231167AD6}.Release|Any CPU.Build.0 = Release|Any CPU
		{160A2B70-2180-4EE3-96DF-C7B2AB17FDAA}.Debug|Any CPU.ActiveCfg = Debug|Any CPU
		{160A2B70-2180-4EE3-96DF-C7B2AB17FDAA}.Debug|Any CPU.Build.0 = Debug|Any CPU
		{160A2B70-2180-4EE3-96DF-C7B2AB17FDAA}.Release|Any CPU.ActiveCfg = Release|Any CPU
		{160A2B70-2180-4EE3-96DF-C7B2AB17FDAA}.Release|Any CPU.Build.0 = Release|Any CPU
		{AFAA2C17-BA7F-4906-9D28-F6F36C45D167}.Debug|Any CPU.ActiveCfg = Debug|Any CPU
		{AFAA2C17-BA7F-4906-9D28-F6F36C45D167}.Debug|Any CPU.Build.0 = Debug|Any CPU
		{AFAA2C17-BA7F-4906-9D28-F6F36C45D167}.Release|Any CPU.ActiveCfg = Release|Any CPU
		{AFAA2C17-BA7F-4906-9D28-F6F36C45D167}.Release|Any CPU.Build.0 = Release|Any CPU
		{7F896383-402D-4A97-AF60-0332C2DF7028}.Debug|Any CPU.ActiveCfg = Debug|Any CPU
		{7F896383-402D-4A97-AF60-0332C2DF7028}.Debug|Any CPU.Build.0 = Debug|Any CPU
		{7F896383-402D-4A97-AF60-0332C2DF7028}.Release|Any CPU.ActiveCfg = Release|Any CPU
		{7F896383-402D-4A97-AF60-0332C2DF7028}.Release|Any CPU.Build.0 = Release|Any CPU
		{2BB790A2-02AB-4A1F-BD94-23E9D7E7A08B}.Debug|Any CPU.ActiveCfg = Debug|Any CPU
		{2BB790A2-02AB-4A1F-BD94-23E9D7E7A08B}.Debug|Any CPU.Build.0 = Debug|Any CPU
		{2BB790A2-02AB-4A1F-BD94-23E9D7E7A08B}.Release|Any CPU.ActiveCfg = Release|Any CPU
		{2BB790A2-02AB-4A1F-BD94-23E9D7E7A08B}.Release|Any CPU.Build.0 = Release|Any CPU
		{D1A20386-D6AF-4B1E-83D1-FD4F55B0DCDB}.Debug|Any CPU.ActiveCfg = Debug|Any CPU
		{D1A20386-D6AF-4B1E-83D1-FD4F55B0DCDB}.Debug|Any CPU.Build.0 = Debug|Any CPU
		{D1A20386-D6AF-4B1E-83D1-FD4F55B0DCDB}.Release|Any CPU.ActiveCfg = Release|Any CPU
		{D1A20386-D6AF-4B1E-83D1-FD4F55B0DCDB}.Release|Any CPU.Build.0 = Release|Any CPU
		{77BE08E3-4D68-45ED-BDB1-CCA99481DC3A}.Debug|Any CPU.ActiveCfg = Debug|Any CPU
		{77BE08E3-4D68-45ED-BDB1-CCA99481DC3A}.Debug|Any CPU.Build.0 = Debug|Any CPU
		{77BE08E3-4D68-45ED-BDB1-CCA99481DC3A}.Release|Any CPU.ActiveCfg = Release|Any CPU
		{77BE08E3-4D68-45ED-BDB1-CCA99481DC3A}.Release|Any CPU.Build.0 = Release|Any CPU
		{6CA035B7-C74D-4C8A-AB14-045C68C8BC96}.Debug|Any CPU.ActiveCfg = Debug|Any CPU
		{6CA035B7-C74D-4C8A-AB14-045C68C8BC96}.Debug|Any CPU.Build.0 = Debug|Any CPU
		{6CA035B7-C74D-4C8A-AB14-045C68C8BC96}.Debug|Any CPU.Deploy.0 = Debug|Any CPU
		{6CA035B7-C74D-4C8A-AB14-045C68C8BC96}.Release|Any CPU.ActiveCfg = Release|Any CPU
		{6CA035B7-C74D-4C8A-AB14-045C68C8BC96}.Release|Any CPU.Build.0 = Release|Any CPU
		{6CA035B7-C74D-4C8A-AB14-045C68C8BC96}.Release|Any CPU.Deploy.0 = Release|Any CPU
	EndGlobalSection
	GlobalSection(SolutionProperties) = preSolution
		HideSolutionNode = FALSE
	EndGlobalSection
	GlobalSection(NestedProjects) = preSolution
		{35FC529B-C1F0-4DD7-B7F9-A14B856C5928} = {78D3C13F-884B-4976-B87C-7F53E5226F36}
		{3D11353F-1AE5-4A1D-8237-9CEDAED27387} = {35FC529B-C1F0-4DD7-B7F9-A14B856C5928}
		{4480B1AD-E66A-4C77-A68C-BFAF2B9AB501} = {35FC529B-C1F0-4DD7-B7F9-A14B856C5928}
		{634E222A-E008-43F0-9F51-8582650C3EA7} = {35FC529B-C1F0-4DD7-B7F9-A14B856C5928}
		{8184D2F0-1FFB-49D9-B4C9-3A82C65B50FA} = {78D3C13F-884B-4976-B87C-7F53E5226F36}
		{037EB620-2FAD-4C06-A58E-5496738CD031} = {8184D2F0-1FFB-49D9-B4C9-3A82C65B50FA}
		{9CB4C61B-AB50-42C2-8F0D-EA6FAEC89F7D} = {8184D2F0-1FFB-49D9-B4C9-3A82C65B50FA}
		{4915D370-65D6-4123-8316-06CEEB8EDBD2} = {8184D2F0-1FFB-49D9-B4C9-3A82C65B50FA}
		{E76C0D69-1684-4D72-B72E-597B3B9B69CC} = {8184D2F0-1FFB-49D9-B4C9-3A82C65B50FA}
		{4CA0CC57-8BDC-4A71-BE71-83880369FEF6} = {35FC529B-C1F0-4DD7-B7F9-A14B856C5928}
		{88B1219E-87A9-4410-9B6A-F924299FE07B} = {78D3C13F-884B-4976-B87C-7F53E5226F36}
		{6379213E-E00E-4B51-B6CC-54D15AA372D0} = {88B1219E-87A9-4410-9B6A-F924299FE07B}
		{398A64BE-2A9C-4510-A2A1-4DA1806ECB28} = {78D3C13F-884B-4976-B87C-7F53E5226F36}
		{F36014AF-18CE-4072-BC21-3D633915B371} = {398A64BE-2A9C-4510-A2A1-4DA1806ECB28}
		{3A889A99-7D88-4434-B96D-CFCC4F1D6B21} = {78D3C13F-884B-4976-B87C-7F53E5226F36}
		{7348BBE1-2187-46C1-8A28-509231167AD6} = {3A889A99-7D88-4434-B96D-CFCC4F1D6B21}
		{0898FE8A-CF69-411D-8663-0FB1BBD2BE6A} = {78D3C13F-884B-4976-B87C-7F53E5226F36}
		{160A2B70-2180-4EE3-96DF-C7B2AB17FDAA} = {0898FE8A-CF69-411D-8663-0FB1BBD2BE6A}
		{AFAA2C17-BA7F-4906-9D28-F6F36C45D167} = {0898FE8A-CF69-411D-8663-0FB1BBD2BE6A}
		{7F896383-402D-4A97-AF60-0332C2DF7028} = {0898FE8A-CF69-411D-8663-0FB1BBD2BE6A}
		{2BB790A2-02AB-4A1F-BD94-23E9D7E7A08B} = {0898FE8A-CF69-411D-8663-0FB1BBD2BE6A}
		{D1A20386-D6AF-4B1E-83D1-FD4F55B0DCDB} = {0898FE8A-CF69-411D-8663-0FB1BBD2BE6A}
		{77BE08E3-4D68-45ED-BDB1-CCA99481DC3A} = {0898FE8A-CF69-411D-8663-0FB1BBD2BE6A}
		{6CA035B7-C74D-4C8A-AB14-045C68C8BC96} = {0898FE8A-CF69-411D-8663-0FB1BBD2BE6A}
	EndGlobalSection
	GlobalSection(ExtensibilityGlobals) = postSolution
		SolutionGuid = {8B58FE25-11FD-4C8B-927B-6ED62F36E576}
	EndGlobalSection
EndGlobal
